
Microsoft Visual Studio Solution File, Format Version 12.00
# Visual Studio Version 17
VisualStudioVersion = 17.14.36518.9 d17.14
MinimumVisualStudioVersion = 10.0.40219.1
Project("{FAE04EC0-301F-11D3-BF4B-00C04F79EFBC}") = "SGTB", "SGTB.csproj", "{1C779EBB-E6E7-4D28-A3F5-ACE9310DE7D8}"
EndProject
Global
	GlobalSection(SolutionConfigurationPlatforms) = preSolution
		Debug|Any CPU = Debug|Any CPU
		Release|Any CPU = Release|Any CPU
	EndGlobalSection
	GlobalSection(ProjectConfigurationPlatforms) = postSolution
		{1C779EBB-E6E7-4D28-A3F5-ACE9310DE7D8}.Debug|Any CPU.ActiveCfg = Debug|Any CPU
		{1C779EBB-E6E7-4D28-A3F5-ACE9310DE7D8}.Debug|Any CPU.Build.0 = Debug|Any CPU
		{1C779EBB-E6E7-4D28-A3F5-ACE9310DE7D8}.Release|Any CPU.ActiveCfg = Release|Any CPU
		{1C779EBB-E6E7-4D28-A3F5-ACE9310DE7D8}.Release|Any CPU.Build.0 = Release|Any CPU
	EndGlobalSection
	GlobalSection(SolutionProperties) = preSolution
		HideSolutionNode = FALSE
	EndGlobalSection
	GlobalSection(ExtensibilityGlobals) = postSolution
		SolutionGuid = {78F15162-DB7D-4641-A2EF-BB599E35C415}
	EndGlobalSection
EndGlobal
